
Microsoft Visual Studio Solution File, Format Version 12.00
# Visual Studio Version 16
VisualStudioVersion = 16.0.31321.278
MinimumVisualStudioVersion = 10.0.40219.1
Project("{FAE04EC0-301F-11D3-BF4B-00C04F79EFBC}") = "CV19", "CV19\CV19.csproj", "{687205E5-8B92-4037-BF0A-4D357B59C15A}"
EndProject
Project("{2150E333-8FDC-42A3-9474-1A3956D46DE8}") = "Tests", "Tests", "{DB05E75C-888D-4C3A-9822-1346DE777BE1}"
EndProject
Project("{FAE04EC0-301F-11D3-BF4B-00C04F79EFBC}") = "CV19Console", "Tests\CV19Console\CV19Console.csproj", "{4D3C4355-C6B8-4F39-B736-25E70AF36A7E}"
EndProject
Global
	GlobalSection(SolutionConfigurationPlatforms) = preSolution
		Debug|Any CPU = Debug|Any CPU
		Release|Any CPU = Release|Any CPU
	EndGlobalSection
	GlobalSection(ProjectConfigurationPlatforms) = postSolution
		{687205E5-8B92-4037-BF0A-4D357B59C15A}.Debug|Any CPU.ActiveCfg = Debug|Any CPU
		{687205E5-8B92-4037-BF0A-4D357B59C15A}.Debug|Any CPU.Build.0 = Debug|Any CPU
		{687205E5-8B92-4037-BF0A-4D357B59C15A}.Release|Any CPU.ActiveCfg = Release|Any CPU
		{687205E5-8B92-4037-BF0A-4D357B59C15A}.Release|Any CPU.Build.0 = Release|Any CPU
		{4D3C4355-C6B8-4F39-B736-25E70AF36A7E}.Debug|Any CPU.ActiveCfg = Debug|Any CPU
		{4D3C4355-C6B8-4F39-B736-25E70AF36A7E}.Debug|Any CPU.Build.0 = Debug|Any CPU
		{4D3C4355-C6B8-4F39-B736-25E70AF36A7E}.Release|Any CPU.ActiveCfg = Release|Any CPU
		{4D3C4355-C6B8-4F39-B736-25E70AF36A7E}.Release|Any CPU.Build.0 = Release|Any CPU
	EndGlobalSection
	GlobalSection(SolutionProperties) = preSolution
		HideSolutionNode = FALSE
	EndGlobalSection
	GlobalSection(NestedProjects) = preSolution
		{4D3C4355-C6B8-4F39-B736-25E70AF36A7E} = {DB05E75C-888D-4C3A-9822-1346DE777BE1}
	EndGlobalSection
	GlobalSection(ExtensibilityGlobals) = postSolution
		SolutionGuid = {29CD1E23-CC64-4420-9EBA-AB1706887D40}
	EndGlobalSection
EndGlobal
